
Microsoft Visual Studio Solution File, Format Version 12.00
# Visual Studio 15
VisualStudioVersion = 15.0.28307.136
MinimumVisualStudioVersion = 10.0.40219.1
Project("{FAE04EC0-301F-11D3-BF4B-00C04F79EFBC}") = "CheckPrime", "CheckPrime\CheckPrime.csproj", "{CE658F5B-FE7E-40AC-8C3B-6FC288713C84}"
EndProject
Global
	GlobalSection(SolutionConfigurationPlatforms) = preSolution
		Debug|Any CPU = Debug|Any CPU
		Release|Any CPU = Release|Any CPU
	EndGlobalSection
	GlobalSection(ProjectConfigurationPlatforms) = postSolution
		{CE658F5B-FE7E-40AC-8C3B-6FC288713C84}.Debug|Any CPU.ActiveCfg = Debug|Any CPU
		{CE658F5B-FE7E-40AC-8C3B-6FC288713C84}.Debug|Any CPU.Build.0 = Debug|Any CPU
		{CE658F5B-FE7E-40AC-8C3B-6FC288713C84}.Release|Any CPU.ActiveCfg = Release|Any CPU
		{CE658F5B-FE7E-40AC-8C3B-6FC288713C84}.Release|Any CPU.Build.0 = Release|Any CPU
	EndGlobalSection
	GlobalSection(SolutionProperties) = preSolution
		HideSolutionNode = FALSE
	EndGlobalSection
	GlobalSection(ExtensibilityGlobals) = postSolution
		SolutionGuid = {17678BD0-8451-4525-9626-C8C58165A740}
	EndGlobalSection
EndGlobal
