
Microsoft Visual Studio Solution File, Format Version 12.00
# Visual Studio 15
VisualStudioVersion = 15.0.28307.136
MinimumVisualStudioVersion = 10.0.40219.1
Project("{FAE04EC0-301F-11D3-BF4B-00C04F79EFBC}") = "BitExch", "BitExch\BitExch.csproj", "{4CC427D2-FF7B-4E94-9B8D-E22C8D3AB000}"
EndProject
Global
	GlobalSection(SolutionConfigurationPlatforms) = preSolution
		Debug|Any CPU = Debug|Any CPU
		Release|Any CPU = Release|Any CPU
	EndGlobalSection
	GlobalSection(ProjectConfigurationPlatforms) = postSolution
		{4CC427D2-FF7B-4E94-9B8D-E22C8D3AB000}.Debug|Any CPU.ActiveCfg = Debug|Any CPU
		{4CC427D2-FF7B-4E94-9B8D-E22C8D3AB000}.Debug|Any CPU.Build.0 = Debug|Any CPU
		{4CC427D2-FF7B-4E94-9B8D-E22C8D3AB000}.Release|Any CPU.ActiveCfg = Release|Any CPU
		{4CC427D2-FF7B-4E94-9B8D-E22C8D3AB000}.Release|Any CPU.Build.0 = Release|Any CPU
	EndGlobalSection
	GlobalSection(SolutionProperties) = preSolution
		HideSolutionNode = FALSE
	EndGlobalSection
	GlobalSection(ExtensibilityGlobals) = postSolution
		SolutionGuid = {B8C85A31-A1CA-4EC3-AFFC-ED9DAA178BEE}
	EndGlobalSection
EndGlobal
