
Microsoft Visual Studio Solution File, Format Version 12.00
# Visual Studio 15
VisualStudioVersion = 15.0.28307.136
MinimumVisualStudioVersion = 10.0.40219.1
Project("{FAE04EC0-301F-11D3-BF4B-00C04F79EFBC}") = "CardSuits", "CardSuits\CardSuits.csproj", "{7817D3FE-D662-4E53-AB4F-1A0F78811C75}"
EndProject
Global
	GlobalSection(SolutionConfigurationPlatforms) = preSolution
		Debug|Any CPU = Debug|Any CPU
		Release|Any CPU = Release|Any CPU
	EndGlobalSection
	GlobalSection(ProjectConfigurationPlatforms) = postSolution
		{7817D3FE-D662-4E53-AB4F-1A0F78811C75}.Debug|Any CPU.ActiveCfg = Debug|Any CPU
		{7817D3FE-D662-4E53-AB4F-1A0F78811C75}.Debug|Any CPU.Build.0 = Debug|Any CPU
		{7817D3FE-D662-4E53-AB4F-1A0F78811C75}.Release|Any CPU.ActiveCfg = Release|Any CPU
		{7817D3FE-D662-4E53-AB4F-1A0F78811C75}.Release|Any CPU.Build.0 = Release|Any CPU
	EndGlobalSection
	GlobalSection(SolutionProperties) = preSolution
		HideSolutionNode = FALSE
	EndGlobalSection
	GlobalSection(ExtensibilityGlobals) = postSolution
		SolutionGuid = {89A01418-6648-43E9-93F2-95A6C12B6D07}
	EndGlobalSection
EndGlobal
