
Microsoft Visual Studio Solution File, Format Version 12.00
# Visual Studio 15
VisualStudioVersion = 15.0.28307.136
MinimumVisualStudioVersion = 10.0.40219.1
Project("{FAE04EC0-301F-11D3-BF4B-00C04F79EFBC}") = "NumOps", "NumOps\NumOps.csproj", "{96C03DFE-4934-4AE3-B141-BF43758C0BE6}"
EndProject
Global
	GlobalSection(SolutionConfigurationPlatforms) = preSolution
		Debug|Any CPU = Debug|Any CPU
		Release|Any CPU = Release|Any CPU
	EndGlobalSection
	GlobalSection(ProjectConfigurationPlatforms) = postSolution
		{96C03DFE-4934-4AE3-B141-BF43758C0BE6}.Debug|Any CPU.ActiveCfg = Debug|Any CPU
		{96C03DFE-4934-4AE3-B141-BF43758C0BE6}.Debug|Any CPU.Build.0 = Debug|Any CPU
		{96C03DFE-4934-4AE3-B141-BF43758C0BE6}.Release|Any CPU.ActiveCfg = Release|Any CPU
		{96C03DFE-4934-4AE3-B141-BF43758C0BE6}.Release|Any CPU.Build.0 = Release|Any CPU
	EndGlobalSection
	GlobalSection(SolutionProperties) = preSolution
		HideSolutionNode = FALSE
	EndGlobalSection
	GlobalSection(ExtensibilityGlobals) = postSolution
		SolutionGuid = {55DCC8FC-FBA6-4389-B9AA-F535132617E4}
	EndGlobalSection
EndGlobal
