
Microsoft Visual Studio Solution File, Format Version 12.00
# Visual Studio 15
VisualStudioVersion = 15.0.28307.136
MinimumVisualStudioVersion = 10.0.40219.1
Project("{FAE04EC0-301F-11D3-BF4B-00C04F79EFBC}") = "SubsetZero", "SubsetZero\SubsetZero.csproj", "{114B21C4-E25B-4470-9EFB-20760C2B37DA}"
EndProject
Global
	GlobalSection(SolutionConfigurationPlatforms) = preSolution
		Debug|Any CPU = Debug|Any CPU
		Release|Any CPU = Release|Any CPU
	EndGlobalSection
	GlobalSection(ProjectConfigurationPlatforms) = postSolution
		{114B21C4-E25B-4470-9EFB-20760C2B37DA}.Debug|Any CPU.ActiveCfg = Debug|Any CPU
		{114B21C4-E25B-4470-9EFB-20760C2B37DA}.Debug|Any CPU.Build.0 = Debug|Any CPU
		{114B21C4-E25B-4470-9EFB-20760C2B37DA}.Release|Any CPU.ActiveCfg = Release|Any CPU
		{114B21C4-E25B-4470-9EFB-20760C2B37DA}.Release|Any CPU.Build.0 = Release|Any CPU
	EndGlobalSection
	GlobalSection(SolutionProperties) = preSolution
		HideSolutionNode = FALSE
	EndGlobalSection
	GlobalSection(ExtensibilityGlobals) = postSolution
		SolutionGuid = {9B15A913-AB7A-4C44-AAF2-79A2CAED7A88}
	EndGlobalSection
EndGlobal
